// !$*UTF8*$!
{
	archiveVersion = 1;
	classes = {
	};
	objectVersion = 46;
	objects = {

/* Begin PBXBuildFile section */
		00AC1EEB1D8F79BB00A39F08 /* ItemCellTests.swift in Sources */ = {isa = PBXBuildFile; fileRef = 00AC1EEA1D8F79BB00A39F08 /* ItemCellTests.swift */; };
		00AC1EED1D8F92A900A39F08 /* DetailViewControllerTests.swift in Sources */ = {isa = PBXBuildFile; fileRef = 00AC1EEC1D8F92A900A39F08 /* DetailViewControllerTests.swift */; };
		00AC1EF81D8F944400A39F08 /* DetailViewController.swift in Sources */ = {isa = PBXBuildFile; fileRef = 00AC1EF71D8F944400A39F08 /* DetailViewController.swift */; };
		00AC1EFA1D8F9A3300A39F08 /* MapKit.framework in Frameworks */ = {isa = PBXBuildFile; fileRef = 00AC1EF91D8F9A3300A39F08 /* MapKit.framework */; };
		00C6C8511D86219600003F3B /* ItemListViewControllerTests.swift in Sources */ = {isa = PBXBuildFile; fileRef = 291F8B461D84BF9100EC71C9 /* ItemListViewControllerTests.swift */; };
		00C6C8531D86245900003F3B /* ItemListDataProvider.swift in Sources */ = {isa = PBXBuildFile; fileRef = 00C6C8521D86245900003F3B /* ItemListDataProvider.swift */; };
		00C6C8551D8638DA00003F3B /* ItemListDataProviderTests.swift in Sources */ = {isa = PBXBuildFile; fileRef = 00C6C8541D8638DA00003F3B /* ItemListDataProviderTests.swift */; };
		00C6C8571D8641BC00003F3B /* ItemCell.swift in Sources */ = {isa = PBXBuildFile; fileRef = 00C6C8561D8641BC00003F3B /* ItemCell.swift */; };
		00D479991D80C8EF00E660B4 /* AppDelegate.swift in Sources */ = {isa = PBXBuildFile; fileRef = 00D479981D80C8EF00E660B4 /* AppDelegate.swift */; };
		00D4799B1D80C8EF00E660B4 /* ViewController.swift in Sources */ = {isa = PBXBuildFile; fileRef = 00D4799A1D80C8EF00E660B4 /* ViewController.swift */; };
		00D4799E1D80C8EF00E660B4 /* Main.storyboard in Resources */ = {isa = PBXBuildFile; fileRef = 00D4799C1D80C8EF00E660B4 /* Main.storyboard */; };
		00D479A01D80C8EF00E660B4 /* Assets.xcassets in Resources */ = {isa = PBXBuildFile; fileRef = 00D4799F1D80C8EF00E660B4 /* Assets.xcassets */; };
		00D479A31D80C8EF00E660B4 /* LaunchScreen.storyboard in Resources */ = {isa = PBXBuildFile; fileRef = 00D479A11D80C8EF00E660B4 /* LaunchScreen.storyboard */; };
		00D479C31D80D05500E660B4 /* ToDoItem.swift in Sources */ = {isa = PBXBuildFile; fileRef = 00D479C21D80D05500E660B4 /* ToDoItem.swift */; };
		00D479C91D80DB2C00E660B4 /* Location.swift in Sources */ = {isa = PBXBuildFile; fileRef = 00D479C81D80DB2C00E660B4 /* Location.swift */; };
		00D479CC1D80DD0C00E660B4 /* LocationTests.swift in Sources */ = {isa = PBXBuildFile; fileRef = 00D479CB1D80DD0C00E660B4 /* LocationTests.swift */; };
		00D479CE1D80DFEC00E660B4 /* ItemManagerTests.swift in Sources */ = {isa = PBXBuildFile; fileRef = 00D479CD1D80DFEC00E660B4 /* ItemManagerTests.swift */; };
		00D479D01D80E06400E660B4 /* ItemManager.swift in Sources */ = {isa = PBXBuildFile; fileRef = 00D479CF1D80E06400E660B4 /* ItemManager.swift */; };
		291F8B571D84C23A00EC71C9 /* ItemListViewController.swift in Sources */ = {isa = PBXBuildFile; fileRef = 291F8B551D84C23A00EC71C9 /* ItemListViewController.swift */; };
/* End PBXBuildFile section */

/* Begin PBXContainerItemProxy section */
		00D479AA1D80C8EF00E660B4 /* PBXContainerItemProxy */ = {
			isa = PBXContainerItemProxy;
			containerPortal = 00D4798D1D80C8EF00E660B4 /* Project object */;
			proxyType = 1;
			remoteGlobalIDString = 00D479941D80C8EF00E660B4;
			remoteInfo = Todo;
		};
/* End PBXContainerItemProxy section */

/* Begin PBXFileReference section */
		00AC1EEA1D8F79BB00A39F08 /* ItemCellTests.swift */ = {isa = PBXFileReference; fileEncoding = 4; lastKnownFileType = sourcecode.swift; name = ItemCellTests.swift; path = Controller/ItemCellTests.swift; sourceTree = "<group>"; };
		00AC1EEC1D8F92A900A39F08 /* DetailViewControllerTests.swift */ = {isa = PBXFileReference; fileEncoding = 4; lastKnownFileType = sourcecode.swift; path = DetailViewControllerTests.swift; sourceTree = "<group>"; };
		00AC1EF71D8F944400A39F08 /* DetailViewController.swift */ = {isa = PBXFileReference; fileEncoding = 4; lastKnownFileType = sourcecode.swift; name = DetailViewController.swift; path = Controller/DetailViewController.swift; sourceTree = "<group>"; };
		00AC1EF91D8F9A3300A39F08 /* MapKit.framework */ = {isa = PBXFileReference; lastKnownFileType = wrapper.framework; name = MapKit.framework; path = System/Library/Frameworks/MapKit.framework; sourceTree = SDKROOT; };
		00C6C8521D86245900003F3B /* ItemListDataProvider.swift */ = {isa = PBXFileReference; fileEncoding = 4; lastKnownFileType = sourcecode.swift; name = ItemListDataProvider.swift; path = Controller/ItemListDataProvider.swift; sourceTree = "<group>"; };
		00C6C8541D8638DA00003F3B /* ItemListDataProviderTests.swift */ = {isa = PBXFileReference; fileEncoding = 4; lastKnownFileType = sourcecode.swift; path = ItemListDataProviderTests.swift; sourceTree = "<group>"; };
		00C6C8561D8641BC00003F3B /* ItemCell.swift */ = {isa = PBXFileReference; fileEncoding = 4; lastKnownFileType = sourcecode.swift; name = ItemCell.swift; path = Controller/ItemCell.swift; sourceTree = "<group>"; };
		00D479951D80C8EF00E660B4 /* Todo.app */ = {isa = PBXFileReference; explicitFileType = wrapper.application; includeInIndex = 0; path = Todo.app; sourceTree = BUILT_PRODUCTS_DIR; };
		00D479981D80C8EF00E660B4 /* AppDelegate.swift */ = {isa = PBXFileReference; lastKnownFileType = sourcecode.swift; path = AppDelegate.swift; sourceTree = "<group>"; };
		00D4799A1D80C8EF00E660B4 /* ViewController.swift */ = {isa = PBXFileReference; lastKnownFileType = sourcecode.swift; path = ViewController.swift; sourceTree = "<group>"; };
		00D4799D1D80C8EF00E660B4 /* Base */ = {isa = PBXFileReference; lastKnownFileType = file.storyboard; name = Base; path = Base.lproj/Main.storyboard; sourceTree = "<group>"; };
		00D4799F1D80C8EF00E660B4 /* Assets.xcassets */ = {isa = PBXFileReference; lastKnownFileType = folder.assetcatalog; path = Assets.xcassets; sourceTree = "<group>"; };
		00D479A21D80C8EF00E660B4 /* Base */ = {isa = PBXFileReference; lastKnownFileType = file.storyboard; name = Base; path = Base.lproj/LaunchScreen.storyboard; sourceTree = "<group>"; };
		00D479A41D80C8EF00E660B4 /* Info.plist */ = {isa = PBXFileReference; lastKnownFileType = text.plist.xml; path = Info.plist; sourceTree = "<group>"; };
		00D479A91D80C8EF00E660B4 /* TodoTests.xctest */ = {isa = PBXFileReference; explicitFileType = wrapper.cfbundle; includeInIndex = 0; path = TodoTests.xctest; sourceTree = BUILT_PRODUCTS_DIR; };
		00D479AD1D80C8EF00E660B4 /* TodoTests.swift */ = {isa = PBXFileReference; lastKnownFileType = sourcecode.swift; path = TodoTests.swift; sourceTree = "<group>"; };
		00D479AF1D80C8EF00E660B4 /* Info.plist */ = {isa = PBXFileReference; lastKnownFileType = text.plist.xml; path = Info.plist; sourceTree = "<group>"; };
		00D479C21D80D05500E660B4 /* ToDoItem.swift */ = {isa = PBXFileReference; fileEncoding = 4; lastKnownFileType = sourcecode.swift; path = ToDoItem.swift; sourceTree = "<group>"; };
		00D479C51D80D06400E660B4 /* ToDoItemTests.swift */ = {isa = PBXFileReference; fileEncoding = 4; lastKnownFileType = sourcecode.swift; path = ToDoItemTests.swift; sourceTree = "<group>"; };
		00D479C81D80DB2C00E660B4 /* Location.swift */ = {isa = PBXFileReference; fileEncoding = 4; lastKnownFileType = sourcecode.swift; path = Location.swift; sourceTree = "<group>"; };
		00D479CB1D80DD0C00E660B4 /* LocationTests.swift */ = {isa = PBXFileReference; fileEncoding = 4; lastKnownFileType = sourcecode.swift; path = LocationTests.swift; sourceTree = "<group>"; };
		00D479CD1D80DFEC00E660B4 /* ItemManagerTests.swift */ = {isa = PBXFileReference; fileEncoding = 4; lastKnownFileType = sourcecode.swift; path = ItemManagerTests.swift; sourceTree = "<group>"; };
		00D479CF1D80E06400E660B4 /* ItemManager.swift */ = {isa = PBXFileReference; fileEncoding = 4; lastKnownFileType = sourcecode.swift; path = ItemManager.swift; sourceTree = "<group>"; };
		291F8B461D84BF9100EC71C9 /* ItemListViewControllerTests.swift */ = {isa = PBXFileReference; fileEncoding = 4; lastKnownFileType = sourcecode.swift; name = ItemListViewControllerTests.swift; path = Controller/ItemListViewControllerTests.swift; sourceTree = "<group>"; };
		291F8B551D84C23A00EC71C9 /* ItemListViewController.swift */ = {isa = PBXFileReference; fileEncoding = 4; lastKnownFileType = sourcecode.swift; name = ItemListViewController.swift; path = Controller/ItemListViewController.swift; sourceTree = "<group>"; };
/* End PBXFileReference section */

/* Begin PBXFrameworksBuildPhase section */
		00D479921D80C8EF00E660B4 /* Frameworks */ = {
			isa = PBXFrameworksBuildPhase;
			buildActionMask = 2147483647;
			files = (
				00AC1EFA1D8F9A3300A39F08 /* MapKit.framework in Frameworks */,
			);
			runOnlyForDeploymentPostprocessing = 0;
		};
		00D479A61D80C8EF00E660B4 /* Frameworks */ = {
			isa = PBXFrameworksBuildPhase;
			buildActionMask = 2147483647;
			files = (
			);
			runOnlyForDeploymentPostprocessing = 0;
		};
/* End PBXFrameworksBuildPhase section */

/* Begin PBXGroup section */
		00D4798C1D80C8EF00E660B4 = {
			isa = PBXGroup;
			children = (
				00AC1EF91D8F9A3300A39F08 /* MapKit.framework */,
				00D479971D80C8EF00E660B4 /* Todo */,
				00D479AC1D80C8EF00E660B4 /* TodoTests */,
				00D479961D80C8EF00E660B4 /* Products */,
			);
			sourceTree = "<group>";
		};
		00D479961D80C8EF00E660B4 /* Products */ = {
			isa = PBXGroup;
			children = (
				00D479951D80C8EF00E660B4 /* Todo.app */,
				00D479A91D80C8EF00E660B4 /* TodoTests.xctest */,
			);
			name = Products;
			sourceTree = "<group>";
		};
		00D479971D80C8EF00E660B4 /* Todo */ = {
			isa = PBXGroup;
			children = (
				291F8B5C1D84C24A00EC71C9 /* Controller */,
				00D479C11D80D05500E660B4 /* Model */,
				00D479981D80C8EF00E660B4 /* AppDelegate.swift */,
				00D4799A1D80C8EF00E660B4 /* ViewController.swift */,
				00D4799C1D80C8EF00E660B4 /* Main.storyboard */,
				00D4799F1D80C8EF00E660B4 /* Assets.xcassets */,
				00D479A11D80C8EF00E660B4 /* LaunchScreen.storyboard */,
				00D479A41D80C8EF00E660B4 /* Info.plist */,
			);
			path = Todo;
			sourceTree = "<group>";
		};
		00D479AC1D80C8EF00E660B4 /* TodoTests */ = {
			isa = PBXGroup;
			children = (
				291F8B481D84BF9A00EC71C9 /* Controller */,
				00D479C41D80D06400E660B4 /* Model */,
				00D479AD1D80C8EF00E660B4 /* TodoTests.swift */,
				00D479AF1D80C8EF00E660B4 /* Info.plist */,
			);
			path = TodoTests;
			sourceTree = "<group>";
		};
		00D479C11D80D05500E660B4 /* Model */ = {
			isa = PBXGroup;
			children = (
				00D479C21D80D05500E660B4 /* ToDoItem.swift */,
				00D479C81D80DB2C00E660B4 /* Location.swift */,
				00D479CF1D80E06400E660B4 /* ItemManager.swift */,
			);
			path = Model;
			sourceTree = "<group>";
		};
		00D479C41D80D06400E660B4 /* Model */ = {
			isa = PBXGroup;
			children = (
				00D479C51D80D06400E660B4 /* ToDoItemTests.swift */,
				00D479CB1D80DD0C00E660B4 /* LocationTests.swift */,
				00D479CD1D80DFEC00E660B4 /* ItemManagerTests.swift */,
			);
			path = Model;
			sourceTree = "<group>";
		};
		291F8B481D84BF9A00EC71C9 /* Controller */ = {
			isa = PBXGroup;
			children = (
				291F8B461D84BF9100EC71C9 /* ItemListViewControllerTests.swift */,
				00C6C8541D8638DA00003F3B /* ItemListDataProviderTests.swift */,
				00AC1EEA1D8F79BB00A39F08 /* ItemCellTests.swift */,
				00AC1EEC1D8F92A900A39F08 /* DetailViewControllerTests.swift */,
			);
			name = Controller;
			sourceTree = "<group>";
		};
		291F8B5C1D84C24A00EC71C9 /* Controller */ = {
			isa = PBXGroup;
			children = (
				291F8B551D84C23A00EC71C9 /* ItemListViewController.swift */,
				00AC1EF71D8F944400A39F08 /* DetailViewController.swift */,
				00C6C8521D86245900003F3B /* ItemListDataProvider.swift */,
				00C6C8561D8641BC00003F3B /* ItemCell.swift */,
			);
			name = Controller;
			sourceTree = "<group>";
		};
/* End PBXGroup section */

/* Begin PBXNativeTarget section */
		00D479941D80C8EF00E660B4 /* Todo */ = {
			isa = PBXNativeTarget;
			buildConfigurationList = 00D479B21D80C8EF00E660B4 /* Build configuration list for PBXNativeTarget "Todo" */;
			buildPhases = (
				00D479911D80C8EF00E660B4 /* Sources */,
				00D479921D80C8EF00E660B4 /* Frameworks */,
				00D479931D80C8EF00E660B4 /* Resources */,
			);
			buildRules = (
			);
			dependencies = (
			);
			name = Todo;
			productName = Todo;
			productReference = 00D479951D80C8EF00E660B4 /* Todo.app */;
			productType = "com.apple.product-type.application";
		};
		00D479A81D80C8EF00E660B4 /* TodoTests */ = {
			isa = PBXNativeTarget;
			buildConfigurationList = 00D479B51D80C8EF00E660B4 /* Build configuration list for PBXNativeTarget "TodoTests" */;
			buildPhases = (
				00D479A51D80C8EF00E660B4 /* Sources */,
				00D479A61D80C8EF00E660B4 /* Frameworks */,
				00D479A71D80C8EF00E660B4 /* Resources */,
			);
			buildRules = (
			);
			dependencies = (
				00D479AB1D80C8EF00E660B4 /* PBXTargetDependency */,
			);
			name = TodoTests;
			productName = TodoTests;
			productReference = 00D479A91D80C8EF00E660B4 /* TodoTests.xctest */;
			productType = "com.apple.product-type.bundle.unit-test";
		};
/* End PBXNativeTarget section */

/* Begin PBXProject section */
		00D4798D1D80C8EF00E660B4 /* Project object */ = {
			isa = PBXProject;
			attributes = {
				LastSwiftUpdateCheck = 0730;
				LastUpgradeCheck = 0730;
				ORGANIZATIONNAME = Spark;
				TargetAttributes = {
					00D479941D80C8EF00E660B4 = {
						CreatedOnToolsVersion = 7.3.1;
						SystemCapabilities = {
							com.apple.Maps.iOS = {
								enabled = 1;
							};
						};
					};
					00D479A81D80C8EF00E660B4 = {
						CreatedOnToolsVersion = 7.3.1;
						TestTargetID = 00D479941D80C8EF00E660B4;
					};
				};
			};
			buildConfigurationList = 00D479901D80C8EF00E660B4 /* Build configuration list for PBXProject "Todo" */;
			compatibilityVersion = "Xcode 3.2";
			developmentRegion = English;
			hasScannedForEncodings = 0;
			knownRegions = (
				en,
				Base,
			);
			mainGroup = 00D4798C1D80C8EF00E660B4;
			productRefGroup = 00D479961D80C8EF00E660B4 /* Products */;
			projectDirPath = "";
			projectRoot = "";
			targets = (
				00D479941D80C8EF00E660B4 /* Todo */,
				00D479A81D80C8EF00E660B4 /* TodoTests */,
			);
		};
/* End PBXProject section */

/* Begin PBXResourcesBuildPhase section */
		00D479931D80C8EF00E660B4 /* Resources */ = {
			isa = PBXResourcesBuildPhase;
			buildActionMask = 2147483647;
			files = (
				00D479A31D80C8EF00E660B4 /* LaunchScreen.storyboard in Resources */,
				00D479A01D80C8EF00E660B4 /* Assets.xcassets in Resources */,
				00D4799E1D80C8EF00E660B4 /* Main.storyboard in Resources */,
			);
			runOnlyForDeploymentPostprocessing = 0;
		};
		00D479A71D80C8EF00E660B4 /* Resources */ = {
			isa = PBXResourcesBuildPhase;
			buildActionMask = 2147483647;
			files = (
			);
			runOnlyForDeploymentPostprocessing = 0;
		};
/* End PBXResourcesBuildPhase section */

/* Begin PBXSourcesBuildPhase section */
		00D479911D80C8EF00E660B4 /* Sources */ = {
			isa = PBXSourcesBuildPhase;
			buildActionMask = 2147483647;
			files = (
				00AC1EF81D8F944400A39F08 /* DetailViewController.swift in Sources */,
				00C6C8571D8641BC00003F3B /* ItemCell.swift in Sources */,
				00D4799B1D80C8EF00E660B4 /* ViewController.swift in Sources */,
				00C6C8531D86245900003F3B /* ItemListDataProvider.swift in Sources */,
				00D479D01D80E06400E660B4 /* ItemManager.swift in Sources */,
				00D479991D80C8EF00E660B4 /* AppDelegate.swift in Sources */,
				00D479C91D80DB2C00E660B4 /* Location.swift in Sources */,
				00D479C31D80D05500E660B4 /* ToDoItem.swift in Sources */,
				291F8B571D84C23A00EC71C9 /* ItemListViewController.swift in Sources */,
			);
			runOnlyForDeploymentPostprocessing = 0;
		};
		00D479A51D80C8EF00E660B4 /* Sources */ = {
			isa = PBXSourcesBuildPhase;
			buildActionMask = 2147483647;
			files = (
				00C6C8511D86219600003F3B /* ItemListViewControllerTests.swift in Sources */,
				00AC1EEB1D8F79BB00A39F08 /* ItemCellTests.swift in Sources */,
				00C6C8551D8638DA00003F3B /* ItemListDataProviderTests.swift in Sources */,
				00D479CE1D80DFEC00E660B4 /* ItemManagerTests.swift in Sources */,
				00D479CC1D80DD0C00E660B4 /* LocationTests.swift in Sources */,
				00AC1EED1D8F92A900A39F08 /* DetailViewControllerTests.swift in Sources */,
			);
			runOnlyForDeploymentPostprocessing = 0;
		};
/* End PBXSourcesBuildPhase section */

/* Begin PBXTargetDependency section */
		00D479AB1D80C8EF00E660B4 /* PBXTargetDependency */ = {
			isa = PBXTargetDependency;
			target = 00D479941D80C8EF00E660B4 /* Todo */;
			targetProxy = 00D479AA1D80C8EF00E660B4 /* PBXContainerItemProxy */;
		};
/* End PBXTargetDependency section */

/* Begin PBXVariantGroup section */
		00D4799C1D80C8EF00E660B4 /* Main.storyboard */ = {
			isa = PBXVariantGroup;
			children = (
				00D4799D1D80C8EF00E660B4 /* Base */,
			);
			name = Main.storyboard;
			sourceTree = "<group>";
		};
		00D479A11D80C8EF00E660B4 /* LaunchScreen.storyboard */ = {
			isa = PBXVariantGroup;
			children = (
				00D479A21D80C8EF00E660B4 /* Base */,
			);
			name = LaunchScreen.storyboard;
			sourceTree = "<group>";
		};
/* End PBXVariantGroup section */

/* Begin XCBuildConfiguration section */
		00D479B01D80C8EF00E660B4 /* Debug */ = {
			isa = XCBuildConfiguration;
			buildSettings = {
				ALWAYS_SEARCH_USER_PATHS = NO;
				CLANG_ANALYZER_NONNULL = YES;
				CLANG_CXX_LANGUAGE_STANDARD = "gnu++0x";
				CLANG_CXX_LIBRARY = "libc++";
				CLANG_ENABLE_MODULES = YES;
				CLANG_ENABLE_OBJC_ARC = YES;
				CLANG_WARN_BOOL_CONVERSION = YES;
				CLANG_WARN_CONSTANT_CONVERSION = YES;
				CLANG_WARN_DIRECT_OBJC_ISA_USAGE = YES_ERROR;
				CLANG_WARN_EMPTY_BODY = YES;
				CLANG_WARN_ENUM_CONVERSION = YES;
				CLANG_WARN_INT_CONVERSION = YES;
				CLANG_WARN_OBJC_ROOT_CLASS = YES_ERROR;
				CLANG_WARN_UNREACHABLE_CODE = YES;
				CLANG_WARN__DUPLICATE_METHOD_MATCH = YES;
				"CODE_SIGN_IDENTITY[sdk=iphoneos*]" = "iPhone Developer";
				COPY_PHASE_STRIP = NO;
				DEBUG_INFORMATION_FORMAT = dwarf;
				ENABLE_STRICT_OBJC_MSGSEND = YES;
				ENABLE_TESTABILITY = YES;
				GCC_C_LANGUAGE_STANDARD = gnu99;
				GCC_DYNAMIC_NO_PIC = NO;
				GCC_NO_COMMON_BLOCKS = YES;
				GCC_OPTIMIZATION_LEVEL = 0;
				GCC_PREPROCESSOR_DEFINITIONS = (
					"DEBUG=1",
					"$(inherited)",
				);
				GCC_WARN_64_TO_32_BIT_CONVERSION = YES;
				GCC_WARN_ABOUT_RETURN_TYPE = YES_ERROR;
				GCC_WARN_UNDECLARED_SELECTOR = YES;
				GCC_WARN_UNINITIALIZED_AUTOS = YES_AGGRESSIVE;
				GCC_WARN_UNUSED_FUNCTION = YES;
				GCC_WARN_UNUSED_VARIABLE = YES;
				IPHONEOS_DEPLOYMENT_TARGET = 9.3;
				MTL_ENABLE_DEBUG_INFO = YES;
				ONLY_ACTIVE_ARCH = YES;
				SDKROOT = iphoneos;
				SWIFT_OPTIMIZATION_LEVEL = "-Onone";
				TARGETED_DEVICE_FAMILY = "1,2";
			};
			name = Debug;
		};
		00D479B11D80C8EF00E660B4 /* Release */ = {
			isa = XCBuildConfiguration;
			buildSettings = {
				ALWAYS_SEARCH_USER_PATHS = NO;
				CLANG_ANALYZER_NONNULL = YES;
				CLANG_CXX_LANGUAGE_STANDARD = "gnu++0x";
				CLANG_CXX_LIBRARY = "libc++";
				CLANG_ENABLE_MODULES = YES;
				CLANG_ENABLE_OBJC_ARC = YES;
				CLANG_WARN_BOOL_CONVERSION = YES;
				CLANG_WARN_CONSTANT_CONVERSION = YES;
				CLANG_WARN_DIRECT_OBJC_ISA_USAGE = YES_ERROR;
				CLANG_WARN_EMPTY_BODY = YES;
				CLANG_WARN_ENUM_CONVERSION = YES;
				CLANG_WARN_INT_CONVERSION = YES;
				CLANG_WARN_OBJC_ROOT_CLASS = YES_ERROR;
				CLANG_WARN_UNREACHABLE_CODE = YES;
				CLANG_WARN__DUPLICATE_METHOD_MATCH = YES;
				"CODE_SIGN_IDENTITY[sdk=iphoneos*]" = "iPhone Developer";
				COPY_PHASE_STRIP = NO;
				DEBUG_INFORMATION_FORMAT = "dwarf-with-dsym";
				ENABLE_NS_ASSERTIONS = NO;
				ENABLE_STRICT_OBJC_MSGSEND = YES;
				GCC_C_LANGUAGE_STANDARD = gnu99;
				GCC_NO_COMMON_BLOCKS = YES;
				GCC_WARN_64_TO_32_BIT_CONVERSION = YES;
				GCC_WARN_ABOUT_RETURN_TYPE = YES_ERROR;
				GCC_WARN_UNDECLARED_SELECTOR = YES;
				GCC_WARN_UNINITIALIZED_AUTOS = YES_AGGRESSIVE;
				GCC_WARN_UNUSED_FUNCTION = YES;
				GCC_WARN_UNUSED_VARIABLE = YES;
				IPHONEOS_DEPLOYMENT_TARGET = 9.3;
				MTL_ENABLE_DEBUG_INFO = NO;
				SDKROOT = iphoneos;
				TARGETED_DEVICE_FAMILY = "1,2";
				VALIDATE_PRODUCT = YES;
			};
			name = Release;
		};
		00D479B31D80C8EF00E660B4 /* Debug */ = {
			isa = XCBuildConfiguration;
			buildSettings = {
				ASSETCATALOG_COMPILER_APPICON_NAME = AppIcon;
				INFOPLIST_FILE = Todo/Info.plist;
				LD_RUNPATH_SEARCH_PATHS = "$(inherited) @executable_path/Frameworks";
				PRODUCT_BUNDLE_IDENTIFIER = nz.co.spark.Todo;
				PRODUCT_NAME = "$(TARGET_NAME)";
			};
			name = Debug;
		};
		00D479B41D80C8EF00E660B4 /* Release */ = {
			isa = XCBuildConfiguration;
			buildSettings = {
				ASSETCATALOG_COMPILER_APPICON_NAME = AppIcon;
				INFOPLIST_FILE = Todo/Info.plist;
				LD_RUNPATH_SEARCH_PATHS = "$(inherited) @executable_path/Frameworks";
				PRODUCT_BUNDLE_IDENTIFIER = nz.co.spark.Todo;
				PRODUCT_NAME = "$(TARGET_NAME)";
			};
			name = Release;
		};
		00D479B61D80C8EF00E660B4 /* Debug */ = {
			isa = XCBuildConfiguration;
			buildSettings = {
				BUNDLE_LOADER = "$(TEST_HOST)";
				INFOPLIST_FILE = TodoTests/Info.plist;
				LD_RUNPATH_SEARCH_PATHS = "$(inherited) @executable_path/Frameworks @loader_path/Frameworks";
				PRODUCT_BUNDLE_IDENTIFIER = nz.co.spark.TodoTests;
				PRODUCT_NAME = "$(TARGET_NAME)";
				TEST_HOST = "$(BUILT_PRODUCTS_DIR)/Todo.app/Todo";
			};
			name = Debug;
		};
		00D479B71D80C8EF00E660B4 /* Release */ = {
			isa = XCBuildConfiguration;
			buildSettings = {
				BUNDLE_LOADER = "$(TEST_HOST)";
				INFOPLIST_FILE = TodoTests/Info.plist;
				LD_RUNPATH_SEARCH_PATHS = "$(inherited) @executable_path/Frameworks @loader_path/Frameworks";
				PRODUCT_BUNDLE_IDENTIFIER = nz.co.spark.TodoTests;
				PRODUCT_NAME = "$(TARGET_NAME)";
				TEST_HOST = "$(BUILT_PRODUCTS_DIR)/Todo.app/Todo";
			};
			name = Release;
		};
/* End XCBuildConfiguration section */

/* Begin XCConfigurationList section */
		00D479901D80C8EF00E660B4 /* Build configuration list for PBXProject "Todo" */ = {
			isa = XCConfigurationList;
			buildConfigurations = (
				00D479B01D80C8EF00E660B4 /* Debug */,
				00D479B11D80C8EF00E660B4 /* Release */,
			);
			defaultConfigurationIsVisible = 0;
			defaultConfigurationName = Release;
		};
		00D479B21D80C8EF00E660B4 /* Build configuration list for PBXNativeTarget "Todo" */ = {
			isa = XCConfigurationList;
			buildConfigurations = (
				00D479B31D80C8EF00E660B4 /* Debug */,
				00D479B41D80C8EF00E660B4 /* Release */,
			);
			defaultConfigurationIsVisible = 0;
			defaultConfigurationName = Release;
		};
		00D479B51D80C8EF00E660B4 /* Build configuration list for PBXNativeTarget "TodoTests" */ = {
			isa = XCConfigurationList;
			buildConfigurations = (
				00D479B61D80C8EF00E660B4 /* Debug */,
				00D479B71D80C8EF00E660B4 /* Release */,
			);
			defaultConfigurationIsVisible = 0;
			defaultConfigurationName = Release;
		};
/* End XCConfigurationList section */
	};
	rootObject = 00D4798D1D80C8EF00E660B4 /* Project object */;
}
